
Microsoft Visual Studio Solution File, Format Version 12.00
# Visual Studio 15
VisualStudioVersion = 15.0.26124.0
MinimumVisualStudioVersion = 15.0.26124.0
Project("{2150E333-8FDC-42A3-9474-1A3956D46DE8}") = "src", "src", "{6555C66E-3E88-4D62-AE8E-BBE146E18D4C}"
EndProject
Project("{FAE04EC0-301F-11D3-BF4B-00C04F79EFBC}") = "Envoice.CronBuilder", "src\Envoice.CronBuilder\Envoice.CronBuilder.csproj", "{D92D8896-B768-46D6-A0CD-55409DDF7FBC}"
EndProject
Project("{2150E333-8FDC-42A3-9474-1A3956D46DE8}") = "test", "test", "{D8B21984-FF49-4814-8330-EAFB891D187C}"
EndProject
Project("{FAE04EC0-301F-11D3-BF4B-00C04F79EFBC}") = "Envoice.CronBuilder.UnitTests", "test\Envoice.CronBuilder.UnitTests\Envoice.CronBuilder.UnitTests.csproj", "{3839DE13-0DE7-441D-BA80-25438631BECA}"
EndProject
Global
	GlobalSection(SolutionConfigurationPlatforms) = preSolution
		Debug|Any CPU = Debug|Any CPU
		Debug|x64 = Debug|x64
		Debug|x86 = Debug|x86
		Release|Any CPU = Release|Any CPU
		Release|x64 = Release|x64
		Release|x86 = Release|x86
	EndGlobalSection
	GlobalSection(SolutionProperties) = preSolution
		HideSolutionNode = FALSE
	EndGlobalSection
	GlobalSection(ProjectConfigurationPlatforms) = postSolution
		{D92D8896-B768-46D6-A0CD-55409DDF7FBC}.Debug|Any CPU.ActiveCfg = Debug|Any CPU
		{D92D8896-B768-46D6-A0CD-55409DDF7FBC}.Debug|Any CPU.Build.0 = Debug|Any CPU
		{D92D8896-B768-46D6-A0CD-55409DDF7FBC}.Debug|x64.ActiveCfg = Debug|Any CPU
		{D92D8896-B768-46D6-A0CD-55409DDF7FBC}.Debug|x64.Build.0 = Debug|Any CPU
		{D92D8896-B768-46D6-A0CD-55409DDF7FBC}.Debug|x86.ActiveCfg = Debug|Any CPU
		{D92D8896-B768-46D6-A0CD-55409DDF7FBC}.Debug|x86.Build.0 = Debug|Any CPU
		{D92D8896-B768-46D6-A0CD-55409DDF7FBC}.Release|Any CPU.ActiveCfg = Release|Any CPU
		{D92D8896-B768-46D6-A0CD-55409DDF7FBC}.Release|Any CPU.Build.0 = Release|Any CPU
		{D92D8896-B768-46D6-A0CD-55409DDF7FBC}.Release|x64.ActiveCfg = Release|Any CPU
		{D92D8896-B768-46D6-A0CD-55409DDF7FBC}.Release|x64.Build.0 = Release|Any CPU
		{D92D8896-B768-46D6-A0CD-55409DDF7FBC}.Release|x86.ActiveCfg = Release|Any CPU
		{D92D8896-B768-46D6-A0CD-55409DDF7FBC}.Release|x86.Build.0 = Release|Any CPU
		{3839DE13-0DE7-441D-BA80-25438631BECA}.Debug|Any CPU.ActiveCfg = Debug|Any CPU
		{3839DE13-0DE7-441D-BA80-25438631BECA}.Debug|Any CPU.Build.0 = Debug|Any CPU
		{3839DE13-0DE7-441D-BA80-25438631BECA}.Debug|x64.ActiveCfg = Debug|Any CPU
		{3839DE13-0DE7-441D-BA80-25438631BECA}.Debug|x64.Build.0 = Debug|Any CPU
		{3839DE13-0DE7-441D-BA80-25438631BECA}.Debug|x86.ActiveCfg = Debug|Any CPU
		{3839DE13-0DE7-441D-BA80-25438631BECA}.Debug|x86.Build.0 = Debug|Any CPU
		{3839DE13-0DE7-441D-BA80-25438631BECA}.Release|Any CPU.ActiveCfg = Release|Any CPU
		{3839DE13-0DE7-441D-BA80-25438631BECA}.Release|Any CPU.Build.0 = Release|Any CPU
		{3839DE13-0DE7-441D-BA80-25438631BECA}.Release|x64.ActiveCfg = Release|Any CPU
		{3839DE13-0DE7-441D-BA80-25438631BECA}.Release|x64.Build.0 = Release|Any CPU
		{3839DE13-0DE7-441D-BA80-25438631BECA}.Release|x86.ActiveCfg = Release|Any CPU
		{3839DE13-0DE7-441D-BA80-25438631BECA}.Release|x86.Build.0 = Release|Any CPU
	EndGlobalSection
	GlobalSection(NestedProjects) = preSolution
		{D92D8896-B768-46D6-A0CD-55409DDF7FBC} = {6555C66E-3E88-4D62-AE8E-BBE146E18D4C}
		{3839DE13-0DE7-441D-BA80-25438631BECA} = {D8B21984-FF49-4814-8330-EAFB891D187C}
	EndGlobalSection
EndGlobal
